{
  "definitions": [
    {
      "protopath": "health.proto",
      "def": {
        "enums": [
          {
            "name": "HealthCheckResponse.ServingStatus",
            "enum_fields": [
              {
                "name": "UNKNOWN"
              },
              {
                "name": "SERVING",
                "integer": 1
              },
              {
                "name": "NOT_SERVING",
                "integer": 2
              }
            ]
          }
        ],
        "messages": [
          {
            "name": "HealthCheckRequest",
            "fields": [
              {
                "id": 1,
                "name": "service",
                "type": "string"
              },
              {
                "id": 2,
                "name": "status",
                "type": "string"
              },
              {
                "id": 3,
                "name": "test",
                "type": "string"
              }
            ]
          },
          {
            "name": "HealthCheckResponse",
            "fields": [
              {
                "id": 1,
                "name": "status",
                "type": "ServingStatus"
              }
            ]
          }
        ],
        "services": [
          {
            "name": "Health",
            "rpcs": [
              {
                "name": "Check",
                "in_type": "HealthCheckRequest",
                "out_type": "HealthCheckResponse"
              }
            ]
          }
        ],
        "package": {
          "name": "grpc.health.v1"
        }
      }
    }
  ]
}